
Microsoft Visual Studio Solution File, Format Version 12.00
# Visual Studio 15
Project("{FAE04EC0-301F-11D3-BF4B-00C04F79EFBC}") = "Assembly-CSharp", "Assembly-CSharp.csproj", "{07F9E253-A488-B8E2-28C0-08CCF40287AD}"
EndProject
Project("{FAE04EC0-301F-11D3-BF4B-00C04F79EFBC}") = "VuforiaScripts", "VuforiaScripts.csproj", "{AEAB4D5F-3252-6130-A4A9-90E93AB64099}"
EndProject
Project("{FAE04EC0-301F-11D3-BF4B-00C04F79EFBC}") = "Assembly-CSharp-Editor", "Assembly-CSharp-Editor.csproj", "{340D941E-AB0E-0C2B-F744-197620BCF03B}"
EndProject
Project("{FAE04EC0-301F-11D3-BF4B-00C04F79EFBC}") = "VuforiaEditorScripts", "VuforiaEditorScripts.csproj", "{02BDA300-5A4A-BD53-A93D-4BCA85615BDC}"
EndProject
Project("{FAE04EC0-301F-11D3-BF4B-00C04F79EFBC}") = "VuforiaVersionCheckerScripts", "VuforiaVersionCheckerScripts.csproj", "{D3D8AF59-C02C-833C-B115-40B53B1675A4}"
EndProject
Global
	GlobalSection(SolutionConfigurationPlatforms) = preSolution
		Debug|Any CPU = Debug|Any CPU
		Release|Any CPU = Release|Any CPU
	EndGlobalSection
	GlobalSection(ProjectConfigurationPlatforms) = postSolution
		{07F9E253-A488-B8E2-28C0-08CCF40287AD}.Debug|Any CPU.ActiveCfg = Debug|Any CPU
		{07F9E253-A488-B8E2-28C0-08CCF40287AD}.Debug|Any CPU.Build.0 = Debug|Any CPU
		{07F9E253-A488-B8E2-28C0-08CCF40287AD}.Release|Any CPU.ActiveCfg = Release|Any CPU
		{07F9E253-A488-B8E2-28C0-08CCF40287AD}.Release|Any CPU.Build.0 = Release|Any CPU
		{AEAB4D5F-3252-6130-A4A9-90E93AB64099}.Debug|Any CPU.ActiveCfg = Debug|Any CPU
		{AEAB4D5F-3252-6130-A4A9-90E93AB64099}.Debug|Any CPU.Build.0 = Debug|Any CPU
		{AEAB4D5F-3252-6130-A4A9-90E93AB64099}.Release|Any CPU.ActiveCfg = Release|Any CPU
		{AEAB4D5F-3252-6130-A4A9-90E93AB64099}.Release|Any CPU.Build.0 = Release|Any CPU
		{340D941E-AB0E-0C2B-F744-197620BCF03B}.Debug|Any CPU.ActiveCfg = Debug|Any CPU
		{340D941E-AB0E-0C2B-F744-197620BCF03B}.Debug|Any CPU.Build.0 = Debug|Any CPU
		{340D941E-AB0E-0C2B-F744-197620BCF03B}.Release|Any CPU.ActiveCfg = Release|Any CPU
		{340D941E-AB0E-0C2B-F744-197620BCF03B}.Release|Any CPU.Build.0 = Release|Any CPU
		{02BDA300-5A4A-BD53-A93D-4BCA85615BDC}.Debug|Any CPU.ActiveCfg = Debug|Any CPU
		{02BDA300-5A4A-BD53-A93D-4BCA85615BDC}.Debug|Any CPU.Build.0 = Debug|Any CPU
		{02BDA300-5A4A-BD53-A93D-4BCA85615BDC}.Release|Any CPU.ActiveCfg = Release|Any CPU
		{02BDA300-5A4A-BD53-A93D-4BCA85615BDC}.Release|Any CPU.Build.0 = Release|Any CPU
		{D3D8AF59-C02C-833C-B115-40B53B1675A4}.Debug|Any CPU.ActiveCfg = Debug|Any CPU
		{D3D8AF59-C02C-833C-B115-40B53B1675A4}.Debug|Any CPU.Build.0 = Debug|Any CPU
		{D3D8AF59-C02C-833C-B115-40B53B1675A4}.Release|Any CPU.ActiveCfg = Release|Any CPU
		{D3D8AF59-C02C-833C-B115-40B53B1675A4}.Release|Any CPU.Build.0 = Release|Any CPU
	EndGlobalSection
	GlobalSection(SolutionProperties) = preSolution
		HideSolutionNode = FALSE
	EndGlobalSection
EndGlobal
