
Microsoft Visual Studio Solution File, Format Version 12.00
# Visual Studio 15
Project("{FAE04EC0-301F-11D3-BF4B-00C04F79EFBC}") = "VuforiaScripts", "VuforiaScripts.csproj", "{0DA95296-2AD1-9888-4E14-C0D58D75FADC}"
EndProject
Project("{FAE04EC0-301F-11D3-BF4B-00C04F79EFBC}") = "Assembly-CSharp", "Assembly-CSharp.csproj", "{5679846B-92CA-B69C-4792-AFD2F808BD4F}"
EndProject
Project("{FAE04EC0-301F-11D3-BF4B-00C04F79EFBC}") = "VuforiaEditorScripts", "VuforiaEditorScripts.csproj", "{F386FB49-629E-2B20-10B3-2128DD9B49C7}"
EndProject
Global
	GlobalSection(SolutionConfigurationPlatforms) = preSolution
		Debug|Any CPU = Debug|Any CPU
		Release|Any CPU = Release|Any CPU
	EndGlobalSection
	GlobalSection(ProjectConfigurationPlatforms) = postSolution
		{0DA95296-2AD1-9888-4E14-C0D58D75FADC}.Debug|Any CPU.ActiveCfg = Debug|Any CPU
		{0DA95296-2AD1-9888-4E14-C0D58D75FADC}.Debug|Any CPU.Build.0 = Debug|Any CPU
		{0DA95296-2AD1-9888-4E14-C0D58D75FADC}.Release|Any CPU.ActiveCfg = Release|Any CPU
		{0DA95296-2AD1-9888-4E14-C0D58D75FADC}.Release|Any CPU.Build.0 = Release|Any CPU
		{5679846B-92CA-B69C-4792-AFD2F808BD4F}.Debug|Any CPU.ActiveCfg = Debug|Any CPU
		{5679846B-92CA-B69C-4792-AFD2F808BD4F}.Debug|Any CPU.Build.0 = Debug|Any CPU
		{5679846B-92CA-B69C-4792-AFD2F808BD4F}.Release|Any CPU.ActiveCfg = Release|Any CPU
		{5679846B-92CA-B69C-4792-AFD2F808BD4F}.Release|Any CPU.Build.0 = Release|Any CPU
		{F386FB49-629E-2B20-10B3-2128DD9B49C7}.Debug|Any CPU.ActiveCfg = Debug|Any CPU
		{F386FB49-629E-2B20-10B3-2128DD9B49C7}.Debug|Any CPU.Build.0 = Debug|Any CPU
		{F386FB49-629E-2B20-10B3-2128DD9B49C7}.Release|Any CPU.ActiveCfg = Release|Any CPU
		{F386FB49-629E-2B20-10B3-2128DD9B49C7}.Release|Any CPU.Build.0 = Release|Any CPU
	EndGlobalSection
	GlobalSection(SolutionProperties) = preSolution
		HideSolutionNode = FALSE
	EndGlobalSection
EndGlobal
